
Microsoft Visual Studio Solution File, Format Version 12.00
# Visual Studio Version 17
VisualStudioVersion = 17.0.32126.317
MinimumVisualStudioVersion = 10.0.40219.1
Project("{FAE04EC0-301F-11D3-BF4B-00C04F79EFBC}") = "MTech", "MTech.csproj", "{68AC4709-F706-4C48-A45A-750B53DCF5D9}"
EndProject
Global
	GlobalSection(SolutionConfigurationPlatforms) = preSolution
		Debug|Any CPU = Debug|Any CPU
		Release|Any CPU = Release|Any CPU
	EndGlobalSection
	GlobalSection(ProjectConfigurationPlatforms) = postSolution
		{68AC4709-F706-4C48-A45A-750B53DCF5D9}.Debug|Any CPU.ActiveCfg = Debug|Any CPU
		{68AC4709-F706-4C48-A45A-750B53DCF5D9}.Debug|Any CPU.Build.0 = Debug|Any CPU
		{68AC4709-F706-4C48-A45A-750B53DCF5D9}.Release|Any CPU.ActiveCfg = Release|Any CPU
		{68AC4709-F706-4C48-A45A-750B53DCF5D9}.Release|Any CPU.Build.0 = Release|Any CPU
	EndGlobalSection
	GlobalSection(SolutionProperties) = preSolution
		HideSolutionNode = FALSE
	EndGlobalSection
	GlobalSection(ExtensibilityGlobals) = postSolution
		SolutionGuid = {F826F04E-2373-47BE-AA1A-6087BD890564}
	EndGlobalSection
EndGlobal
